// !$*UTF8*$!
{
	archiveVersion = 1;
	classes = {
	};
	objectVersion = 46;
	objects = {

/* Begin PBXBuildFile section */
		A14DA4511E234C5A00503D5C /* AppDelegate.swift in Sources */ = {isa = PBXBuildFile; fileRef = A14DA4501E234C5A00503D5C /* AppDelegate.swift */; };
		A14DA4531E234C5A00503D5C /* ViewController.swift in Sources */ = {isa = PBXBuildFile; fileRef = A14DA4521E234C5A00503D5C /* ViewController.swift */; };
		A14DA4561E234C5A00503D5C /* Main.storyboard in Resources */ = {isa = PBXBuildFile; fileRef = A14DA4541E234C5A00503D5C /* Main.storyboard */; };
		A14DA4581E234C5A00503D5C /* Assets.xcassets in Resources */ = {isa = PBXBuildFile; fileRef = A14DA4571E234C5A00503D5C /* Assets.xcassets */; };
		A14DA45B1E234C5A00503D5C /* LaunchScreen.storyboard in Resources */ = {isa = PBXBuildFile; fileRef = A14DA4591E234C5A00503D5C /* LaunchScreen.storyboard */; };
/* End PBXBuildFile section */

/* Begin PBXFileReference section */
		A14DA44D1E234C5A00503D5C /* LifeTracker.app */ = {isa = PBXFileReference; explicitFileType = wrapper.application; includeInIndex = 0; path = LifeTracker.app; sourceTree = BUILT_PRODUCTS_DIR; };
		A14DA4501E234C5A00503D5C /* AppDelegate.swift */ = {isa = PBXFileReference; lastKnownFileType = sourcecode.swift; path = AppDelegate.swift; sourceTree = "<group>"; };
		A14DA4521E234C5A00503D5C /* ViewController.swift */ = {isa = PBXFileReference; lastKnownFileType = sourcecode.swift; path = ViewController.swift; sourceTree = "<group>"; };
		A14DA4551E234C5A00503D5C /* Base */ = {isa = PBXFileReference; lastKnownFileType = file.storyboard; name = Base; path = Base.lproj/Main.storyboard; sourceTree = "<group>"; };
		A14DA4571E234C5A00503D5C /* Assets.xcassets */ = {isa = PBXFileReference; lastKnownFileType = folder.assetcatalog; path = Assets.xcassets; sourceTree = "<group>"; };
		A14DA45A1E234C5A00503D5C /* Base */ = {isa = PBXFileReference; lastKnownFileType = file.storyboard; name = Base; path = Base.lproj/LaunchScreen.storyboard; sourceTree = "<group>"; };
		A14DA45C1E234C5A00503D5C /* Info.plist */ = {isa = PBXFileReference; lastKnownFileType = text.plist.xml; path = Info.plist; sourceTree = "<group>"; };
/* End PBXFileReference section */

/* Begin PBXFrameworksBuildPhase section */
		A14DA44A1E234C5A00503D5C /* Frameworks */ = {
			isa = PBXFrameworksBuildPhase;
			buildActionMask = 2147483647;
			files = (
			);
			runOnlyForDeploymentPostprocessing = 0;
		};
/* End PBXFrameworksBuildPhase section */

/* Begin PBXGroup section */
		A14DA4441E234C5A00503D5C = {
			isa = PBXGroup;
			children = (
				A14DA44F1E234C5A00503D5C /* LifeTracker */,
				A14DA44E1E234C5A00503D5C /* Products */,
			);
			sourceTree = "<group>";
		};
		A14DA44E1E234C5A00503D5C /* Products */ = {
			isa = PBXGroup;
			children = (
				A14DA44D1E234C5A00503D5C /* LifeTracker.app */,
			);
			name = Products;
			sourceTree = "<group>";
		};
		A14DA44F1E234C5A00503D5C /* LifeTracker */ = {
			isa = PBXGroup;
			children = (
				A14DA4621E234C7F00503D5C /* Supporting Files */,
				A14DA4521E234C5A00503D5C /* ViewController.swift */,
				A14DA4541E234C5A00503D5C /* Main.storyboard */,
			);
			path = LifeTracker;
			sourceTree = "<group>";
		};
		A14DA4621E234C7F00503D5C /* Supporting Files */ = {
			isa = PBXGroup;
			children = (
				A14DA4501E234C5A00503D5C /* AppDelegate.swift */,
				A14DA4571E234C5A00503D5C /* Assets.xcassets */,
				A14DA4591E234C5A00503D5C /* LaunchScreen.storyboard */,
				A14DA45C1E234C5A00503D5C /* Info.plist */,
			);
			name = "Supporting Files";
			sourceTree = "<group>";
		};
/* End PBXGroup section */

/* Begin PBXNativeTarget section */
		A14DA44C1E234C5A00503D5C /* LifeTracker */ = {
			isa = PBXNativeTarget;
			buildConfigurationList = A14DA45F1E234C5A00503D5C /* Build configuration list for PBXNativeTarget "LifeTracker" */;
			buildPhases = (
				A14DA4491E234C5A00503D5C /* Sources */,
				A14DA44A1E234C5A00503D5C /* Frameworks */,
				A14DA44B1E234C5A00503D5C /* Resources */,
			);
			buildRules = (
			);
			dependencies = (
			);
			name = LifeTracker;
			productName = LifeTracker;
			productReference = A14DA44D1E234C5A00503D5C /* LifeTracker.app */;
			productType = "com.apple.product-type.application";
		};
/* End PBXNativeTarget section */

/* Begin PBXProject section */
		A14DA4451E234C5A00503D5C /* Project object */ = {
			isa = PBXProject;
			attributes = {
				LastSwiftUpdateCheck = 0820;
				LastUpgradeCheck = 0820;
				ORGANIZATIONNAME = "Mark Frankle";
				TargetAttributes = {
					A14DA44C1E234C5A00503D5C = {
						CreatedOnToolsVersion = 8.2.1;
						DevelopmentTeam = JE893RMWX8;
						ProvisioningStyle = Automatic;
					};
				};
			};
			buildConfigurationList = A14DA4481E234C5A00503D5C /* Build configuration list for PBXProject "LifeTracker" */;
			compatibilityVersion = "Xcode 3.2";
			developmentRegion = English;
			hasScannedForEncodings = 0;
			knownRegions = (
				en,
				Base,
			);
			mainGroup = A14DA4441E234C5A00503D5C;
			productRefGroup = A14DA44E1E234C5A00503D5C /* Products */;
			projectDirPath = "";
			projectRoot = "";
			targets = (
				A14DA44C1E234C5A00503D5C /* LifeTracker */,
			);
		};
/* End PBXProject section */

/* Begin PBXResourcesBuildPhase section */
		A14DA44B1E234C5A00503D5C /* Resources */ = {
			isa = PBXResourcesBuildPhase;
			buildActionMask = 2147483647;
			files = (
				A14DA45B1E234C5A00503D5C /* LaunchScreen.storyboard in Resources */,
				A14DA4581E234C5A00503D5C /* Assets.xcassets in Resources */,
				A14DA4561E234C5A00503D5C /* Main.storyboard in Resources */,
			);
			runOnlyForDeploymentPostprocessing = 0;
		};
/* End PBXResourcesBuildPhase section */

/* Begin PBXSourcesBuildPhase section */
		A14DA4491E234C5A00503D5C /* Sources */ = {
			isa = PBXSourcesBuildPhase;
			buildActionMask = 2147483647;
			files = (
				A14DA4531E234C5A00503D5C /* ViewController.swift in Sources */,
				A14DA4511E234C5A00503D5C /* AppDelegate.swift in Sources */,
			);
			runOnlyForDeploymentPostprocessing = 0;
		};
/* End PBXSourcesBuildPhase section */

/* Begin PBXVariantGroup section */
		A14DA4541E234C5A00503D5C /* Main.storyboard */ = {
			isa = PBXVariantGroup;
			children = (
				A14DA4551E234C5A00503D5C /* Base */,
			);
			name = Main.storyboard;
			sourceTree = "<group>";
		};
		A14DA4591E234C5A00503D5C /* LaunchScreen.storyboard */ = {
			isa = PBXVariantGroup;
			children = (
				A14DA45A1E234C5A00503D5C /* Base */,
			);
			name = LaunchScreen.storyboard;
			sourceTree = "<group>";
		};
/* End PBXVariantGroup section */

/* Begin XCBuildConfiguration section */
		A14DA45D1E234C5A00503D5C /* Debug */ = {
			isa = XCBuildConfiguration;
			buildSettings = {
				ALWAYS_SEARCH_USER_PATHS = NO;
				CLANG_ANALYZER_NONNULL = YES;
				CLANG_CXX_LANGUAGE_STANDARD = "gnu++0x";
				CLANG_CXX_LIBRARY = "libc++";
				CLANG_ENABLE_MODULES = YES;
				CLANG_ENABLE_OBJC_ARC = YES;
				CLANG_WARN_BOOL_CONVERSION = YES;
				CLANG_WARN_CONSTANT_CONVERSION = YES;
				CLANG_WARN_DIRECT_OBJC_ISA_USAGE = YES_ERROR;
				CLANG_WARN_DOCUMENTATION_COMMENTS = YES;
				CLANG_WARN_EMPTY_BODY = YES;
				CLANG_WARN_ENUM_CONVERSION = YES;
				CLANG_WARN_INFINITE_RECURSION = YES;
				CLANG_WARN_INT_CONVERSION = YES;
				CLANG_WARN_OBJC_ROOT_CLASS = YES_ERROR;
				CLANG_WARN_SUSPICIOUS_MOVE = YES;
				CLANG_WARN_UNREACHABLE_CODE = YES;
				CLANG_WARN__DUPLICATE_METHOD_MATCH = YES;
				"CODE_SIGN_IDENTITY[sdk=iphoneos*]" = "iPhone Developer";
				COPY_PHASE_STRIP = NO;
				DEBUG_INFORMATION_FORMAT = dwarf;
				ENABLE_STRICT_OBJC_MSGSEND = YES;
				ENABLE_TESTABILITY = YES;
				GCC_C_LANGUAGE_STANDARD = gnu99;
				GCC_DYNAMIC_NO_PIC = NO;
				GCC_NO_COMMON_BLOCKS = YES;
				GCC_OPTIMIZATION_LEVEL = 0;
				GCC_PREPROCESSOR_DEFINITIONS = (
					"DEBUG=1",
					"$(inherited)",
				);
				GCC_WARN_64_TO_32_BIT_CONVERSION = YES;
				GCC_WARN_ABOUT_RETURN_TYPE = YES_ERROR;
				GCC_WARN_UNDECLARED_SELECTOR = YES;
				GCC_WARN_UNINITIALIZED_AUTOS = YES_AGGRESSIVE;
				GCC_WARN_UNUSED_FUNCTION = YES;
				GCC_WARN_UNUSED_VARIABLE = YES;
				IPHONEOS_DEPLOYMENT_TARGET = 10.2;
				MTL_ENABLE_DEBUG_INFO = YES;
				ONLY_ACTIVE_ARCH = YES;
				SDKROOT = iphoneos;
				SWIFT_ACTIVE_COMPILATION_CONDITIONS = DEBUG;
				SWIFT_OPTIMIZATION_LEVEL = "-Onone";
				TARGETED_DEVICE_FAMILY = "1,2";
			};
			name = Debug;
		};
		A14DA45E1E234C5A00503D5C /* Release */ = {
			isa = XCBuildConfiguration;
			buildSettings = {
				ALWAYS_SEARCH_USER_PATHS = NO;
				CLANG_ANALYZER_NONNULL = YES;
				CLANG_CXX_LANGUAGE_STANDARD = "gnu++0x";
				CLANG_CXX_LIBRARY = "libc++";
				CLANG_ENABLE_MODULES = YES;
				CLANG_ENABLE_OBJC_ARC = YES;
				CLANG_WARN_BOOL_CONVERSION = YES;
				CLANG_WARN_CONSTANT_CONVERSION = YES;
				CLANG_WARN_DIRECT_OBJC_ISA_USAGE = YES_ERROR;
				CLANG_WARN_DOCUMENTATION_COMMENTS = YES;
				CLANG_WARN_EMPTY_BODY = YES;
				CLANG_WARN_ENUM_CONVERSION = YES;
				CLANG_WARN_INFINITE_RECURSION = YES;
				CLANG_WARN_INT_CONVERSION = YES;
				CLANG_WARN_OBJC_ROOT_CLASS = YES_ERROR;
				CLANG_WARN_SUSPICIOUS_MOVE = YES;
				CLANG_WARN_UNREACHABLE_CODE = YES;
				CLANG_WARN__DUPLICATE_METHOD_MATCH = YES;
				"CODE_SIGN_IDENTITY[sdk=iphoneos*]" = "iPhone Developer";
				COPY_PHASE_STRIP = NO;
				DEBUG_INFORMATION_FORMAT = "dwarf-with-dsym";
				ENABLE_NS_ASSERTIONS = NO;
				ENABLE_STRICT_OBJC_MSGSEND = YES;
				GCC_C_LANGUAGE_STANDARD = gnu99;
				GCC_NO_COMMON_BLOCKS = YES;
				GCC_WARN_64_TO_32_BIT_CONVERSION = YES;
				GCC_WARN_ABOUT_RETURN_TYPE = YES_ERROR;
				GCC_WARN_UNDECLARED_SELECTOR = YES;
				GCC_WARN_UNINITIALIZED_AUTOS = YES_AGGRESSIVE;
				GCC_WARN_UNUSED_FUNCTION = YES;
				GCC_WARN_UNUSED_VARIABLE = YES;
				IPHONEOS_DEPLOYMENT_TARGET = 10.2;
				MTL_ENABLE_DEBUG_INFO = NO;
				SDKROOT = iphoneos;
				SWIFT_OPTIMIZATION_LEVEL = "-Owholemodule";
				TARGETED_DEVICE_FAMILY = "1,2";
				VALIDATE_PRODUCT = YES;
			};
			name = Release;
		};
		A14DA4601E234C5A00503D5C /* Debug */ = {
			isa = XCBuildConfiguration;
			buildSettings = {
				ASSETCATALOG_COMPILER_APPICON_NAME = AppIcon;
				DEVELOPMENT_TEAM = JE893RMWX8;
				INFOPLIST_FILE = LifeTracker/Info.plist;
				LD_RUNPATH_SEARCH_PATHS = "$(inherited) @executable_path/Frameworks";
				PRODUCT_BUNDLE_IDENTIFIER = gov.DezeNutsEnterprises.LifeTracker;
				PRODUCT_NAME = "$(TARGET_NAME)";
				SWIFT_VERSION = 3.0;
			};
			name = Debug;
		};
		A14DA4611E234C5A00503D5C /* Release */ = {
			isa = XCBuildConfiguration;
			buildSettings = {
				ASSETCATALOG_COMPILER_APPICON_NAME = AppIcon;
				DEVELOPMENT_TEAM = JE893RMWX8;
				INFOPLIST_FILE = LifeTracker/Info.plist;
				LD_RUNPATH_SEARCH_PATHS = "$(inherited) @executable_path/Frameworks";
				PRODUCT_BUNDLE_IDENTIFIER = gov.DezeNutsEnterprises.LifeTracker;
				PRODUCT_NAME = "$(TARGET_NAME)";
				SWIFT_VERSION = 3.0;
			};
			name = Release;
		};
/* End XCBuildConfiguration section */

/* Begin XCConfigurationList section */
		A14DA4481E234C5A00503D5C /* Build configuration list for PBXProject "LifeTracker" */ = {
			isa = XCConfigurationList;
			buildConfigurations = (
				A14DA45D1E234C5A00503D5C /* Debug */,
				A14DA45E1E234C5A00503D5C /* Release */,
			);
			defaultConfigurationIsVisible = 0;
			defaultConfigurationName = Release;
		};
		A14DA45F1E234C5A00503D5C /* Build configuration list for PBXNativeTarget "LifeTracker" */ = {
			isa = XCConfigurationList;
			buildConfigurations = (
				A14DA4601E234C5A00503D5C /* Debug */,
				A14DA4611E234C5A00503D5C /* Release */,
			);
			defaultConfigurationIsVisible = 0;
		};
/* End XCConfigurationList section */
	};
	rootObject = A14DA4451E234C5A00503D5C /* Project object */;
}
